
Microsoft Visual Studio Solution File, Format Version 12.00
# Visual Studio Version 17
VisualStudioVersion = 17.8.34525.116
MinimumVisualStudioVersion = 10.0.40219.1
Project("{9A19103F-16F7-4668-BE54-9A1E7A4F7556}") = "Core.UI.ConvertTableGridIntoDataSetScroll", "Core.UI.ConvertTableGridIntoDataSetScroll\Core.UI.ConvertTableGridIntoDataSetScroll.csproj", "{8A42F071-4784-4E0B-BA2D-E2B7CAA20755}"
EndProject
Project("{9A19103F-16F7-4668-BE54-9A1E7A4F7556}") = "Core.Models", "Core.Models\Core.Models.csproj", "{D9A4739A-8F8A-4AA7-83F2-05C2E47B5F65}"
EndProject
Project("{9A19103F-16F7-4668-BE54-9A1E7A4F7556}") = "Core.Services", "Core.Services\Core.Services.csproj", "{91D4B5C7-603F-4843-A9E3-5DB27853C097}"
EndProject
Project("{9A19103F-16F7-4668-BE54-9A1E7A4F7556}") = "Core.Repo", "Core.Repo\Core.Repo.csproj", "{34FF27A2-0F7F-45DA-866E-9AEDA739D90C}"
EndProject
Global
	GlobalSection(SolutionConfigurationPlatforms) = preSolution
		Debug|Any CPU = Debug|Any CPU
		Release|Any CPU = Release|Any CPU
	EndGlobalSection
	GlobalSection(ProjectConfigurationPlatforms) = postSolution
		{8A42F071-4784-4E0B-BA2D-E2B7CAA20755}.Debug|Any CPU.ActiveCfg = Debug|Any CPU
		{8A42F071-4784-4E0B-BA2D-E2B7CAA20755}.Debug|Any CPU.Build.0 = Debug|Any CPU
		{8A42F071-4784-4E0B-BA2D-E2B7CAA20755}.Release|Any CPU.ActiveCfg = Release|Any CPU
		{8A42F071-4784-4E0B-BA2D-E2B7CAA20755}.Release|Any CPU.Build.0 = Release|Any CPU
		{D9A4739A-8F8A-4AA7-83F2-05C2E47B5F65}.Debug|Any CPU.ActiveCfg = Debug|Any CPU
		{D9A4739A-8F8A-4AA7-83F2-05C2E47B5F65}.Debug|Any CPU.Build.0 = Debug|Any CPU
		{D9A4739A-8F8A-4AA7-83F2-05C2E47B5F65}.Release|Any CPU.ActiveCfg = Release|Any CPU
		{D9A4739A-8F8A-4AA7-83F2-05C2E47B5F65}.Release|Any CPU.Build.0 = Release|Any CPU
		{91D4B5C7-603F-4843-A9E3-5DB27853C097}.Debug|Any CPU.ActiveCfg = Debug|Any CPU
		{91D4B5C7-603F-4843-A9E3-5DB27853C097}.Debug|Any CPU.Build.0 = Debug|Any CPU
		{91D4B5C7-603F-4843-A9E3-5DB27853C097}.Release|Any CPU.ActiveCfg = Release|Any CPU
		{91D4B5C7-603F-4843-A9E3-5DB27853C097}.Release|Any CPU.Build.0 = Release|Any CPU
		{34FF27A2-0F7F-45DA-866E-9AEDA739D90C}.Debug|Any CPU.ActiveCfg = Debug|Any CPU
		{34FF27A2-0F7F-45DA-866E-9AEDA739D90C}.Debug|Any CPU.Build.0 = Debug|Any CPU
		{34FF27A2-0F7F-45DA-866E-9AEDA739D90C}.Release|Any CPU.ActiveCfg = Release|Any CPU
		{34FF27A2-0F7F-45DA-866E-9AEDA739D90C}.Release|Any CPU.Build.0 = Release|Any CPU
	EndGlobalSection
	GlobalSection(SolutionProperties) = preSolution
		HideSolutionNode = FALSE
	EndGlobalSection
	GlobalSection(ExtensibilityGlobals) = postSolution
		SolutionGuid = {996A0325-BCFA-447E-B32B-680915CDC40B}
	EndGlobalSection
EndGlobal
